
Microsoft Visual Studio Solution File, Format Version 12.00
# Visual Studio 15
VisualStudioVersion = 15.0.28307.1022
MinimumVisualStudioVersion = 10.0.40219.1
Project("{FAE04EC0-301F-11D3-BF4B-00C04F79EFBC}") = "SystemTest", "SystemTest\SystemTest.csproj", "{7505DD77-BEA2-4558-8548-EF50C8BE7CE7}"
EndProject
Global
	GlobalSection(SolutionConfigurationPlatforms) = preSolution
		Debug|Any CPU = Debug|Any CPU
		Release|Any CPU = Release|Any CPU
	EndGlobalSection
	GlobalSection(ProjectConfigurationPlatforms) = postSolution
		{7505DD77-BEA2-4558-8548-EF50C8BE7CE7}.Debug|Any CPU.ActiveCfg = Debug|Any CPU
		{7505DD77-BEA2-4558-8548-EF50C8BE7CE7}.Debug|Any CPU.Build.0 = Debug|Any CPU
		{7505DD77-BEA2-4558-8548-EF50C8BE7CE7}.Release|Any CPU.ActiveCfg = Release|Any CPU
		{7505DD77-BEA2-4558-8548-EF50C8BE7CE7}.Release|Any CPU.Build.0 = Release|Any CPU
	EndGlobalSection
	GlobalSection(SolutionProperties) = preSolution
		HideSolutionNode = FALSE
	EndGlobalSection
	GlobalSection(ExtensibilityGlobals) = postSolution
		SolutionGuid = {B91BCB7B-7AFF-4E92-BB28-6B6FFEE36BE5}
	EndGlobalSection
EndGlobal
